// !$*UTF8*$!
{
	archiveVersion = 1;
	classes = {
	};
	objectVersion = 46;
	objects = {

/* Begin PBXBuildFile section */
		EF249DFF1B8D8F230012C6F2 /* AMAbstractResponse.m in Sources */ = {isa = PBXBuildFile; fileRef = EF249DDB1B8D8F220012C6F2 /* AMAbstractResponse.m */; };
		EF249E001B8D8F230012C6F2 /* AMAPICommand.m in Sources */ = {isa = PBXBuildFile; fileRef = EF249DDE1B8D8F220012C6F2 /* AMAPICommand.m */; };
		EF249E011B8D8F230012C6F2 /* AMAPICommandsFacadeImplementation.m in Sources */ = {isa = PBXBuildFile; fileRef = EF249DE21B8D8F220012C6F2 /* AMAPICommandsFacadeImplementation.m */; };
		EF249E021B8D8F230012C6F2 /* AMConstants.m in Sources */ = {isa = PBXBuildFile; fileRef = EF249DE41B8D8F220012C6F2 /* AMConstants.m */; };
		EF249E041B8D8F230012C6F2 /* AMInitPayMkProducer.m in Sources */ = {isa = PBXBuildFile; fileRef = EF249DE71B8D8F220012C6F2 /* AMInitPayMkProducer.m */; };
		EF249E051B8D8F230012C6F2 /* AMInitPayMkStatusProducer.m in Sources */ = {isa = PBXBuildFile; fileRef = EF249DE91B8D8F220012C6F2 /* AMInitPayMkStatusProducer.m */; };
		EF249E061B8D8F230012C6F2 /* AMMerchantCredentials.m in Sources */ = {isa = PBXBuildFile; fileRef = EF249DEB1B8D8F220012C6F2 /* AMMerchantCredentials.m */; };
		EF249E071B8D8F230012C6F2 /* AMPaymentRequest.m in Sources */ = {isa = PBXBuildFile; fileRef = EF249DED1B8D8F220012C6F2 /* AMPaymentRequest.m */; };
		EF249E081B8D8F230012C6F2 /* AMPaymentResponse.m in Sources */ = {isa = PBXBuildFile; fileRef = EF249DEF1B8D8F220012C6F2 /* AMPaymentResponse.m */; };
		EF249E091B8D8F230012C6F2 /* AMPaymentStatusRequest.m in Sources */ = {isa = PBXBuildFile; fileRef = EF249DF11B8D8F220012C6F2 /* AMPaymentStatusRequest.m */; };
		EF249E0A1B8D8F230012C6F2 /* AMPaymentStatusResponse.m in Sources */ = {isa = PBXBuildFile; fileRef = EF249DF31B8D8F220012C6F2 /* AMPaymentStatusResponse.m */; };
		EF249E0B1B8D8F230012C6F2 /* AMSecurityUtilities.m in Sources */ = {isa = PBXBuildFile; fileRef = EF249DF51B8D8F220012C6F2 /* AMSecurityUtilities.m */; };
		EF249E0C1B8D8F230012C6F2 /* AMURLSessionAPIImplementation.m in Sources */ = {isa = PBXBuildFile; fileRef = EF249DF71B8D8F220012C6F2 /* AMURLSessionAPIImplementation.m */; };
		EF249E0D1B8D8F230012C6F2 /* NSDictionary+ContainsKey.m in Sources */ = {isa = PBXBuildFile; fileRef = EF249DFA1B8D8F220012C6F2 /* NSDictionary+ContainsKey.m */; };
		EF249E0E1B8D8F230012C6F2 /* NSString+MD5String.m in Sources */ = {isa = PBXBuildFile; fileRef = EF249DFC1B8D8F220012C6F2 /* NSString+MD5String.m */; };
		EF249E0F1B8D8F230012C6F2 /* XMLDictionary.m in Sources */ = {isa = PBXBuildFile; fileRef = EF249DFE1B8D8F230012C6F2 /* XMLDictionary.m */; };
		EF249E101B8D949F0012C6F2 /* AMErrors.strings in Resources */ = {isa = PBXBuildFile; fileRef = EF249E121B8D949F0012C6F2 /* AMErrors.strings */; };
		EF6DBED21B8D365E00E8F055 /* AMResponseTests.m in Sources */ = {isa = PBXBuildFile; fileRef = EF6DBED11B8D365E00E8F055 /* AMResponseTests.m */; };
		EF6DBED51B8D38FE00E8F055 /* AMAPIProducersTest.m in Sources */ = {isa = PBXBuildFile; fileRef = EF6DBED41B8D38FE00E8F055 /* AMAPIProducersTest.m */; };
		EF6DBED81B8D4A9900E8F055 /* AMAPIClientTests.m in Sources */ = {isa = PBXBuildFile; fileRef = EF6DBED71B8D4A9900E8F055 /* AMAPIClientTests.m */; };
		EF6DBEDB1B8D4C3800E8F055 /* AMAPICommandsFacadeTests.m in Sources */ = {isa = PBXBuildFile; fileRef = EF6DBEDA1B8D4C3800E8F055 /* AMAPICommandsFacadeTests.m */; };
		EFA243E11B8A9B570017C137 /* main.m in Sources */ = {isa = PBXBuildFile; fileRef = EFA243E01B8A9B570017C137 /* main.m */; };
		EFA243E41B8A9B570017C137 /* AppDelegate.m in Sources */ = {isa = PBXBuildFile; fileRef = EFA243E31B8A9B570017C137 /* AppDelegate.m */; };
		EFA243E71B8A9B570017C137 /* ViewController.m in Sources */ = {isa = PBXBuildFile; fileRef = EFA243E61B8A9B570017C137 /* ViewController.m */; };
		EFA243EA1B8A9B570017C137 /* Main.storyboard in Resources */ = {isa = PBXBuildFile; fileRef = EFA243E81B8A9B570017C137 /* Main.storyboard */; };
		EFA243EC1B8A9B570017C137 /* Images.xcassets in Resources */ = {isa = PBXBuildFile; fileRef = EFA243EB1B8A9B570017C137 /* Images.xcassets */; };
		EFA243EF1B8A9B570017C137 /* LaunchScreen.xib in Resources */ = {isa = PBXBuildFile; fileRef = EFA243ED1B8A9B570017C137 /* LaunchScreen.xib */; };
		EFA2440D1B8AAF700017C137 /* AMAPICommandTests.m in Sources */ = {isa = PBXBuildFile; fileRef = EFA2440C1B8AAF700017C137 /* AMAPICommandTests.m */; };
/* End PBXBuildFile section */

/* Begin PBXContainerItemProxy section */
		EFA243F51B8A9B580017C137 /* PBXContainerItemProxy */ = {
			isa = PBXContainerItemProxy;
			containerPortal = EFA243D31B8A9B570017C137 /* Project object */;
			proxyType = 1;
			remoteGlobalIDString = EFA243DA1B8A9B570017C137;
			remoteInfo = AMFramework;
		};
/* End PBXContainerItemProxy section */

/* Begin PBXFileReference section */
		EF249DDA1B8D8F220012C6F2 /* AMAbstractResponse.h */ = {isa = PBXFileReference; fileEncoding = 4; lastKnownFileType = sourcecode.c.h; name = AMAbstractResponse.h; path = APFramework/AMAbstractResponse.h; sourceTree = "<group>"; };
		EF249DDB1B8D8F220012C6F2 /* AMAbstractResponse.m */ = {isa = PBXFileReference; fileEncoding = 4; lastKnownFileType = sourcecode.c.objc; name = AMAbstractResponse.m; path = APFramework/AMAbstractResponse.m; sourceTree = "<group>"; };
		EF249DDC1B8D8F220012C6F2 /* AMAPIClient.h */ = {isa = PBXFileReference; fileEncoding = 4; lastKnownFileType = sourcecode.c.h; name = AMAPIClient.h; path = APFramework/AMAPIClient.h; sourceTree = "<group>"; };
		EF249DDD1B8D8F220012C6F2 /* AMAPICommand.h */ = {isa = PBXFileReference; fileEncoding = 4; lastKnownFileType = sourcecode.c.h; name = AMAPICommand.h; path = APFramework/AMAPICommand.h; sourceTree = "<group>"; };
		EF249DDE1B8D8F220012C6F2 /* AMAPICommand.m */ = {isa = PBXFileReference; fileEncoding = 4; lastKnownFileType = sourcecode.c.objc; name = AMAPICommand.m; path = APFramework/AMAPICommand.m; sourceTree = "<group>"; };
		EF249DDF1B8D8F220012C6F2 /* AMAPICommandProducer.h */ = {isa = PBXFileReference; fileEncoding = 4; lastKnownFileType = sourcecode.c.h; name = AMAPICommandProducer.h; path = APFramework/AMAPICommandProducer.h; sourceTree = "<group>"; };
		EF249DE01B8D8F220012C6F2 /* AMAPICommandsFacade.h */ = {isa = PBXFileReference; fileEncoding = 4; lastKnownFileType = sourcecode.c.h; name = AMAPICommandsFacade.h; path = APFramework/AMAPICommandsFacade.h; sourceTree = "<group>"; };
		EF249DE11B8D8F220012C6F2 /* AMAPICommandsFacadeImplementation.h */ = {isa = PBXFileReference; fileEncoding = 4; lastKnownFileType = sourcecode.c.h; name = AMAPICommandsFacadeImplementation.h; path = APFramework/AMAPICommandsFacadeImplementation.h; sourceTree = "<group>"; };
		EF249DE21B8D8F220012C6F2 /* AMAPICommandsFacadeImplementation.m */ = {isa = PBXFileReference; fileEncoding = 4; lastKnownFileType = sourcecode.c.objc; name = AMAPICommandsFacadeImplementation.m; path = APFramework/AMAPICommandsFacadeImplementation.m; sourceTree = "<group>"; };
		EF249DE31B8D8F220012C6F2 /* AMConstants.h */ = {isa = PBXFileReference; fileEncoding = 4; lastKnownFileType = sourcecode.c.h; name = AMConstants.h; path = APFramework/AMConstants.h; sourceTree = "<group>"; };
		EF249DE41B8D8F220012C6F2 /* AMConstants.m */ = {isa = PBXFileReference; fileEncoding = 4; lastKnownFileType = sourcecode.c.objc; name = AMConstants.m; path = APFramework/AMConstants.m; sourceTree = "<group>"; };
		EF249DE61B8D8F220012C6F2 /* AMInitPayMkProducer.h */ = {isa = PBXFileReference; fileEncoding = 4; lastKnownFileType = sourcecode.c.h; name = AMInitPayMkProducer.h; path = APFramework/AMInitPayMkProducer.h; sourceTree = "<group>"; };
		EF249DE71B8D8F220012C6F2 /* AMInitPayMkProducer.m */ = {isa = PBXFileReference; fileEncoding = 4; lastKnownFileType = sourcecode.c.objc; name = AMInitPayMkProducer.m; path = APFramework/AMInitPayMkProducer.m; sourceTree = "<group>"; };
		EF249DE81B8D8F220012C6F2 /* AMInitPayMkStatusProducer.h */ = {isa = PBXFileReference; fileEncoding = 4; lastKnownFileType = sourcecode.c.h; name = AMInitPayMkStatusProducer.h; path = APFramework/AMInitPayMkStatusProducer.h; sourceTree = "<group>"; };
		EF249DE91B8D8F220012C6F2 /* AMInitPayMkStatusProducer.m */ = {isa = PBXFileReference; fileEncoding = 4; lastKnownFileType = sourcecode.c.objc; name = AMInitPayMkStatusProducer.m; path = APFramework/AMInitPayMkStatusProducer.m; sourceTree = "<group>"; };
		EF249DEA1B8D8F220012C6F2 /* AMMerchantCredentials.h */ = {isa = PBXFileReference; fileEncoding = 4; lastKnownFileType = sourcecode.c.h; name = AMMerchantCredentials.h; path = APFramework/AMMerchantCredentials.h; sourceTree = "<group>"; };
		EF249DEB1B8D8F220012C6F2 /* AMMerchantCredentials.m */ = {isa = PBXFileReference; fileEncoding = 4; lastKnownFileType = sourcecode.c.objc; name = AMMerchantCredentials.m; path = APFramework/AMMerchantCredentials.m; sourceTree = "<group>"; };
		EF249DEC1B8D8F220012C6F2 /* AMPaymentRequest.h */ = {isa = PBXFileReference; fileEncoding = 4; lastKnownFileType = sourcecode.c.h; name = AMPaymentRequest.h; path = APFramework/AMPaymentRequest.h; sourceTree = "<group>"; };
		EF249DED1B8D8F220012C6F2 /* AMPaymentRequest.m */ = {isa = PBXFileReference; fileEncoding = 4; lastKnownFileType = sourcecode.c.objc; name = AMPaymentRequest.m; path = APFramework/AMPaymentRequest.m; sourceTree = "<group>"; };
		EF249DEE1B8D8F220012C6F2 /* AMPaymentResponse.h */ = {isa = PBXFileReference; fileEncoding = 4; lastKnownFileType = sourcecode.c.h; name = AMPaymentResponse.h; path = APFramework/AMPaymentResponse.h; sourceTree = "<group>"; };
		EF249DEF1B8D8F220012C6F2 /* AMPaymentResponse.m */ = {isa = PBXFileReference; fileEncoding = 4; lastKnownFileType = sourcecode.c.objc; name = AMPaymentResponse.m; path = APFramework/AMPaymentResponse.m; sourceTree = "<group>"; };
		EF249DF01B8D8F220012C6F2 /* AMPaymentStatusRequest.h */ = {isa = PBXFileReference; fileEncoding = 4; lastKnownFileType = sourcecode.c.h; name = AMPaymentStatusRequest.h; path = APFramework/AMPaymentStatusRequest.h; sourceTree = "<group>"; };
		EF249DF11B8D8F220012C6F2 /* AMPaymentStatusRequest.m */ = {isa = PBXFileReference; fileEncoding = 4; lastKnownFileType = sourcecode.c.objc; name = AMPaymentStatusRequest.m; path = APFramework/AMPaymentStatusRequest.m; sourceTree = "<group>"; };
		EF249DF21B8D8F220012C6F2 /* AMPaymentStatusResponse.h */ = {isa = PBXFileReference; fileEncoding = 4; lastKnownFileType = sourcecode.c.h; name = AMPaymentStatusResponse.h; path = APFramework/AMPaymentStatusResponse.h; sourceTree = "<group>"; };
		EF249DF31B8D8F220012C6F2 /* AMPaymentStatusResponse.m */ = {isa = PBXFileReference; fileEncoding = 4; lastKnownFileType = sourcecode.c.objc; name = AMPaymentStatusResponse.m; path = APFramework/AMPaymentStatusResponse.m; sourceTree = "<group>"; };
		EF249DF41B8D8F220012C6F2 /* AMSecurityUtilities.h */ = {isa = PBXFileReference; fileEncoding = 4; lastKnownFileType = sourcecode.c.h; name = AMSecurityUtilities.h; path = APFramework/AMSecurityUtilities.h; sourceTree = "<group>"; };
		EF249DF51B8D8F220012C6F2 /* AMSecurityUtilities.m */ = {isa = PBXFileReference; fileEncoding = 4; lastKnownFileType = sourcecode.c.objc; name = AMSecurityUtilities.m; path = APFramework/AMSecurityUtilities.m; sourceTree = "<group>"; };
		EF249DF61B8D8F220012C6F2 /* AMURLSessionAPIImplementation.h */ = {isa = PBXFileReference; fileEncoding = 4; lastKnownFileType = sourcecode.c.h; name = AMURLSessionAPIImplementation.h; path = APFramework/AMURLSessionAPIImplementation.h; sourceTree = "<group>"; };
		EF249DF71B8D8F220012C6F2 /* AMURLSessionAPIImplementation.m */ = {isa = PBXFileReference; fileEncoding = 4; lastKnownFileType = sourcecode.c.objc; name = AMURLSessionAPIImplementation.m; path = APFramework/AMURLSessionAPIImplementation.m; sourceTree = "<group>"; };
		EF249DF81B8D8F220012C6F2 /* ArsenalPayiOsSDK.h */ = {isa = PBXFileReference; fileEncoding = 4; lastKnownFileType = sourcecode.c.h; name = ArsenalPayiOsSDK.h; path = APFramework/ArsenalPayiOsSDK.h; sourceTree = "<group>"; };
		EF249DF91B8D8F220012C6F2 /* NSDictionary+ContainsKey.h */ = {isa = PBXFileReference; fileEncoding = 4; lastKnownFileType = sourcecode.c.h; name = "NSDictionary+ContainsKey.h"; path = "APFramework/NSDictionary+ContainsKey.h"; sourceTree = "<group>"; };
		EF249DFA1B8D8F220012C6F2 /* NSDictionary+ContainsKey.m */ = {isa = PBXFileReference; fileEncoding = 4; lastKnownFileType = sourcecode.c.objc; name = "NSDictionary+ContainsKey.m"; path = "APFramework/NSDictionary+ContainsKey.m"; sourceTree = "<group>"; };
		EF249DFB1B8D8F220012C6F2 /* NSString+MD5String.h */ = {isa = PBXFileReference; fileEncoding = 4; lastKnownFileType = sourcecode.c.h; name = "NSString+MD5String.h"; path = "APFramework/NSString+MD5String.h"; sourceTree = "<group>"; };
		EF249DFC1B8D8F220012C6F2 /* NSString+MD5String.m */ = {isa = PBXFileReference; fileEncoding = 4; lastKnownFileType = sourcecode.c.objc; name = "NSString+MD5String.m"; path = "APFramework/NSString+MD5String.m"; sourceTree = "<group>"; };
		EF249DFD1B8D8F230012C6F2 /* XMLDictionary.h */ = {isa = PBXFileReference; fileEncoding = 4; lastKnownFileType = sourcecode.c.h; name = XMLDictionary.h; path = APFramework/XMLDictionary.h; sourceTree = "<group>"; };
		EF249DFE1B8D8F230012C6F2 /* XMLDictionary.m */ = {isa = PBXFileReference; fileEncoding = 4; lastKnownFileType = sourcecode.c.objc; name = XMLDictionary.m; path = APFramework/XMLDictionary.m; sourceTree = "<group>"; };
		EF249E131B8D95580012C6F2 /* ru */ = {isa = PBXFileReference; lastKnownFileType = text.plist.strings; name = ru; path = ru.lproj/AMErrors.strings; sourceTree = "<group>"; };
		EF249E141B8D95640012C6F2 /* en */ = {isa = PBXFileReference; lastKnownFileType = text.plist.strings; name = en; path = en.lproj/AMErrors.strings; sourceTree = "<group>"; };
		EF6DBED11B8D365E00E8F055 /* AMResponseTests.m */ = {isa = PBXFileReference; fileEncoding = 4; lastKnownFileType = sourcecode.c.objc; path = AMResponseTests.m; sourceTree = "<group>"; };
		EF6DBED41B8D38FE00E8F055 /* AMAPIProducersTest.m */ = {isa = PBXFileReference; fileEncoding = 4; lastKnownFileType = sourcecode.c.objc; path = AMAPIProducersTest.m; sourceTree = "<group>"; };
		EF6DBED71B8D4A9900E8F055 /* AMAPIClientTests.m */ = {isa = PBXFileReference; fileEncoding = 4; lastKnownFileType = sourcecode.c.objc; path = AMAPIClientTests.m; sourceTree = "<group>"; };
		EF6DBEDA1B8D4C3800E8F055 /* AMAPICommandsFacadeTests.m */ = {isa = PBXFileReference; fileEncoding = 4; lastKnownFileType = sourcecode.c.objc; path = AMAPICommandsFacadeTests.m; sourceTree = "<group>"; };
		EFA243DB1B8A9B570017C137 /* AMFramework.app */ = {isa = PBXFileReference; explicitFileType = wrapper.application; includeInIndex = 0; path = AMFramework.app; sourceTree = BUILT_PRODUCTS_DIR; };
		EFA243DF1B8A9B570017C137 /* Info.plist */ = {isa = PBXFileReference; lastKnownFileType = text.plist.xml; path = Info.plist; sourceTree = "<group>"; };
		EFA243E01B8A9B570017C137 /* main.m */ = {isa = PBXFileReference; lastKnownFileType = sourcecode.c.objc; path = main.m; sourceTree = "<group>"; };
		EFA243E21B8A9B570017C137 /* AppDelegate.h */ = {isa = PBXFileReference; lastKnownFileType = sourcecode.c.h; path = AppDelegate.h; sourceTree = "<group>"; };
		EFA243E31B8A9B570017C137 /* AppDelegate.m */ = {isa = PBXFileReference; lastKnownFileType = sourcecode.c.objc; path = AppDelegate.m; sourceTree = "<group>"; };
		EFA243E51B8A9B570017C137 /* ViewController.h */ = {isa = PBXFileReference; lastKnownFileType = sourcecode.c.h; path = ViewController.h; sourceTree = "<group>"; };
		EFA243E61B8A9B570017C137 /* ViewController.m */ = {isa = PBXFileReference; lastKnownFileType = sourcecode.c.objc; path = ViewController.m; sourceTree = "<group>"; };
		EFA243E91B8A9B570017C137 /* Base */ = {isa = PBXFileReference; lastKnownFileType = file.storyboard; name = Base; path = Base.lproj/Main.storyboard; sourceTree = "<group>"; };
		EFA243EB1B8A9B570017C137 /* Images.xcassets */ = {isa = PBXFileReference; lastKnownFileType = folder.assetcatalog; path = Images.xcassets; sourceTree = "<group>"; };
		EFA243EE1B8A9B570017C137 /* Base */ = {isa = PBXFileReference; lastKnownFileType = file.xib; name = Base; path = Base.lproj/LaunchScreen.xib; sourceTree = "<group>"; };
		EFA243F41B8A9B580017C137 /* AMFrameworkTests.xctest */ = {isa = PBXFileReference; explicitFileType = wrapper.cfbundle; includeInIndex = 0; path = AMFrameworkTests.xctest; sourceTree = BUILT_PRODUCTS_DIR; };
		EFA243F91B8A9B580017C137 /* Info.plist */ = {isa = PBXFileReference; lastKnownFileType = text.plist.xml; path = Info.plist; sourceTree = "<group>"; };
		EFA2440C1B8AAF700017C137 /* AMAPICommandTests.m */ = {isa = PBXFileReference; fileEncoding = 4; lastKnownFileType = sourcecode.c.objc; path = AMAPICommandTests.m; sourceTree = "<group>"; };
/* End PBXFileReference section */

/* Begin PBXFrameworksBuildPhase section */
		EFA243D81B8A9B570017C137 /* Frameworks */ = {
			isa = PBXFrameworksBuildPhase;
			buildActionMask = 2147483647;
			files = (
			);
			runOnlyForDeploymentPostprocessing = 0;
		};
		EFA243F11B8A9B580017C137 /* Frameworks */ = {
			isa = PBXFrameworksBuildPhase;
			buildActionMask = 2147483647;
			files = (
			);
			runOnlyForDeploymentPostprocessing = 0;
		};
/* End PBXFrameworksBuildPhase section */

/* Begin PBXGroup section */
		EF249D6B1B8D81510012C6F2 /* Example */ = {
			isa = PBXGroup;
			children = (
				EFA243E21B8A9B570017C137 /* AppDelegate.h */,
				EFA243E31B8A9B570017C137 /* AppDelegate.m */,
				EFA243E51B8A9B570017C137 /* ViewController.h */,
				EFA243E61B8A9B570017C137 /* ViewController.m */,
				EFA243E81B8A9B570017C137 /* Main.storyboard */,
				EFA243EB1B8A9B570017C137 /* Images.xcassets */,
				EFA243ED1B8A9B570017C137 /* LaunchScreen.xib */,
			);
			name = Example;
			sourceTree = "<group>";
		};
		EF249DD91B8D8E9E0012C6F2 /* APFramework */ = {
			isa = PBXGroup;
			children = (
				EF249DDA1B8D8F220012C6F2 /* AMAbstractResponse.h */,
				EF249DDB1B8D8F220012C6F2 /* AMAbstractResponse.m */,
				EF249DDC1B8D8F220012C6F2 /* AMAPIClient.h */,
				EF249DDD1B8D8F220012C6F2 /* AMAPICommand.h */,
				EF249DDE1B8D8F220012C6F2 /* AMAPICommand.m */,
				EF249DDF1B8D8F220012C6F2 /* AMAPICommandProducer.h */,
				EF249DE01B8D8F220012C6F2 /* AMAPICommandsFacade.h */,
				EF249DE11B8D8F220012C6F2 /* AMAPICommandsFacadeImplementation.h */,
				EF249DE21B8D8F220012C6F2 /* AMAPICommandsFacadeImplementation.m */,
				EF249DE31B8D8F220012C6F2 /* AMConstants.h */,
				EF249DE41B8D8F220012C6F2 /* AMConstants.m */,
				EF249E121B8D949F0012C6F2 /* AMErrors.strings */,
				EF249DE61B8D8F220012C6F2 /* AMInitPayMkProducer.h */,
				EF249DE71B8D8F220012C6F2 /* AMInitPayMkProducer.m */,
				EF249DE81B8D8F220012C6F2 /* AMInitPayMkStatusProducer.h */,
				EF249DE91B8D8F220012C6F2 /* AMInitPayMkStatusProducer.m */,
				EF249DEA1B8D8F220012C6F2 /* AMMerchantCredentials.h */,
				EF249DEB1B8D8F220012C6F2 /* AMMerchantCredentials.m */,
				EF249DEC1B8D8F220012C6F2 /* AMPaymentRequest.h */,
				EF249DED1B8D8F220012C6F2 /* AMPaymentRequest.m */,
				EF249DEE1B8D8F220012C6F2 /* AMPaymentResponse.h */,
				EF249DEF1B8D8F220012C6F2 /* AMPaymentResponse.m */,
				EF249DF01B8D8F220012C6F2 /* AMPaymentStatusRequest.h */,
				EF249DF11B8D8F220012C6F2 /* AMPaymentStatusRequest.m */,
				EF249DF21B8D8F220012C6F2 /* AMPaymentStatusResponse.h */,
				EF249DF31B8D8F220012C6F2 /* AMPaymentStatusResponse.m */,
				EF249DF41B8D8F220012C6F2 /* AMSecurityUtilities.h */,
				EF249DF51B8D8F220012C6F2 /* AMSecurityUtilities.m */,
				EF249DF61B8D8F220012C6F2 /* AMURLSessionAPIImplementation.h */,
				EF249DF71B8D8F220012C6F2 /* AMURLSessionAPIImplementation.m */,
				EF249DF81B8D8F220012C6F2 /* ArsenalPayiOsSDK.h */,
				EF249DF91B8D8F220012C6F2 /* NSDictionary+ContainsKey.h */,
				EF249DFA1B8D8F220012C6F2 /* NSDictionary+ContainsKey.m */,
				EF249DFB1B8D8F220012C6F2 /* NSString+MD5String.h */,
				EF249DFC1B8D8F220012C6F2 /* NSString+MD5String.m */,
				EF249DFD1B8D8F230012C6F2 /* XMLDictionary.h */,
				EF249DFE1B8D8F230012C6F2 /* XMLDictionary.m */,
			);
			name = APFramework;
			sourceTree = "<group>";
		};
		EFA243D21B8A9B570017C137 = {
			isa = PBXGroup;
			children = (
				EFA243DD1B8A9B570017C137 /* AMFramework */,
				EFA243F71B8A9B580017C137 /* AMFrameworkTests */,
				EFA243DC1B8A9B570017C137 /* Products */,
			);
			sourceTree = "<group>";
		};
		EFA243DC1B8A9B570017C137 /* Products */ = {
			isa = PBXGroup;
			children = (
				EFA243DB1B8A9B570017C137 /* AMFramework.app */,
				EFA243F41B8A9B580017C137 /* AMFrameworkTests.xctest */,
			);
			name = Products;
			sourceTree = "<group>";
		};
		EFA243DD1B8A9B570017C137 /* AMFramework */ = {
			isa = PBXGroup;
			children = (
				EF249DD91B8D8E9E0012C6F2 /* APFramework */,
				EF249D6B1B8D81510012C6F2 /* Example */,
				EFA243DE1B8A9B570017C137 /* Supporting Files */,
			);
			path = AMFramework;
			sourceTree = "<group>";
		};
		EFA243DE1B8A9B570017C137 /* Supporting Files */ = {
			isa = PBXGroup;
			children = (
				EFA243DF1B8A9B570017C137 /* Info.plist */,
				EFA243E01B8A9B570017C137 /* main.m */,
			);
			name = "Supporting Files";
			sourceTree = "<group>";
		};
		EFA243F71B8A9B580017C137 /* AMFrameworkTests */ = {
			isa = PBXGroup;
			children = (
				EF6DBED11B8D365E00E8F055 /* AMResponseTests.m */,
				EFA2440C1B8AAF700017C137 /* AMAPICommandTests.m */,
				EF6DBED41B8D38FE00E8F055 /* AMAPIProducersTest.m */,
				EF6DBED71B8D4A9900E8F055 /* AMAPIClientTests.m */,
				EF6DBEDA1B8D4C3800E8F055 /* AMAPICommandsFacadeTests.m */,
				EFA243F81B8A9B580017C137 /* Supporting Files */,
			);
			path = AMFrameworkTests;
			sourceTree = "<group>";
		};
		EFA243F81B8A9B580017C137 /* Supporting Files */ = {
			isa = PBXGroup;
			children = (
				EFA243F91B8A9B580017C137 /* Info.plist */,
			);
			name = "Supporting Files";
			sourceTree = "<group>";
		};
/* End PBXGroup section */

/* Begin PBXNativeTarget section */
		EFA243DA1B8A9B570017C137 /* AMFramework */ = {
			isa = PBXNativeTarget;
			buildConfigurationList = EFA243FE1B8A9B580017C137 /* Build configuration list for PBXNativeTarget "AMFramework" */;
			buildPhases = (
				EFA243D71B8A9B570017C137 /* Sources */,
				EFA243D81B8A9B570017C137 /* Frameworks */,
				EFA243D91B8A9B570017C137 /* Resources */,
			);
			buildRules = (
			);
			dependencies = (
			);
			name = AMFramework;
			productName = AMFramework;
			productReference = EFA243DB1B8A9B570017C137 /* AMFramework.app */;
			productType = "com.apple.product-type.application";
		};
		EFA243F31B8A9B580017C137 /* AMFrameworkTests */ = {
			isa = PBXNativeTarget;
			buildConfigurationList = EFA244011B8A9B580017C137 /* Build configuration list for PBXNativeTarget "AMFrameworkTests" */;
			buildPhases = (
				EFA243F01B8A9B580017C137 /* Sources */,
				EFA243F11B8A9B580017C137 /* Frameworks */,
				EFA243F21B8A9B580017C137 /* Resources */,
			);
			buildRules = (
			);
			dependencies = (
				EFA243F61B8A9B580017C137 /* PBXTargetDependency */,
			);
			name = AMFrameworkTests;
			productName = AMFrameworkTests;
			productReference = EFA243F41B8A9B580017C137 /* AMFrameworkTests.xctest */;
			productType = "com.apple.product-type.bundle.unit-test";
		};
/* End PBXNativeTarget section */

/* Begin PBXProject section */
		EFA243D31B8A9B570017C137 /* Project object */ = {
			isa = PBXProject;
			attributes = {
				LastUpgradeCheck = 0640;
				ORGANIZATIONNAME = "Юрий Воскресенский";
				TargetAttributes = {
					EFA243DA1B8A9B570017C137 = {
						CreatedOnToolsVersion = 6.4;
					};
					EFA243F31B8A9B580017C137 = {
						CreatedOnToolsVersion = 6.4;
						TestTargetID = EFA243DA1B8A9B570017C137;
					};
				};
			};
			buildConfigurationList = EFA243D61B8A9B570017C137 /* Build configuration list for PBXProject "AMFramework" */;
			compatibilityVersion = "Xcode 3.2";
			developmentRegion = English;
			hasScannedForEncodings = 0;
			knownRegions = (
				en,
				Base,
				ru,
			);
			mainGroup = EFA243D21B8A9B570017C137;
			productRefGroup = EFA243DC1B8A9B570017C137 /* Products */;
			projectDirPath = "";
			projectRoot = "";
			targets = (
				EFA243DA1B8A9B570017C137 /* AMFramework */,
				EFA243F31B8A9B580017C137 /* AMFrameworkTests */,
			);
		};
/* End PBXProject section */

/* Begin PBXResourcesBuildPhase section */
		EFA243D91B8A9B570017C137 /* Resources */ = {
			isa = PBXResourcesBuildPhase;
			buildActionMask = 2147483647;
			files = (
				EFA243EA1B8A9B570017C137 /* Main.storyboard in Resources */,
				EFA243EF1B8A9B570017C137 /* LaunchScreen.xib in Resources */,
				EFA243EC1B8A9B570017C137 /* Images.xcassets in Resources */,
				EF249E101B8D949F0012C6F2 /* AMErrors.strings in Resources */,
			);
			runOnlyForDeploymentPostprocessing = 0;
		};
		EFA243F21B8A9B580017C137 /* Resources */ = {
			isa = PBXResourcesBuildPhase;
			buildActionMask = 2147483647;
			files = (
			);
			runOnlyForDeploymentPostprocessing = 0;
		};
/* End PBXResourcesBuildPhase section */

/* Begin PBXSourcesBuildPhase section */
		EFA243D71B8A9B570017C137 /* Sources */ = {
			isa = PBXSourcesBuildPhase;
			buildActionMask = 2147483647;
			files = (
				EF249E061B8D8F230012C6F2 /* AMMerchantCredentials.m in Sources */,
				EF249DFF1B8D8F230012C6F2 /* AMAbstractResponse.m in Sources */,
				EF249E071B8D8F230012C6F2 /* AMPaymentRequest.m in Sources */,
				EF249E0D1B8D8F230012C6F2 /* NSDictionary+ContainsKey.m in Sources */,
				EF249E021B8D8F230012C6F2 /* AMConstants.m in Sources */,
				EF249E001B8D8F230012C6F2 /* AMAPICommand.m in Sources */,
				EF249E0F1B8D8F230012C6F2 /* XMLDictionary.m in Sources */,
				EF249E041B8D8F230012C6F2 /* AMInitPayMkProducer.m in Sources */,
				EFA243E71B8A9B570017C137 /* ViewController.m in Sources */,
				EFA243E41B8A9B570017C137 /* AppDelegate.m in Sources */,
				EF249E091B8D8F230012C6F2 /* AMPaymentStatusRequest.m in Sources */,
				EF249E0E1B8D8F230012C6F2 /* NSString+MD5String.m in Sources */,
				EF249E081B8D8F230012C6F2 /* AMPaymentResponse.m in Sources */,
				EFA243E11B8A9B570017C137 /* main.m in Sources */,
				EF249E0A1B8D8F230012C6F2 /* AMPaymentStatusResponse.m in Sources */,
				EF249E0B1B8D8F230012C6F2 /* AMSecurityUtilities.m in Sources */,
				EF249E011B8D8F230012C6F2 /* AMAPICommandsFacadeImplementation.m in Sources */,
				EF249E051B8D8F230012C6F2 /* AMInitPayMkStatusProducer.m in Sources */,
				EF249E0C1B8D8F230012C6F2 /* AMURLSessionAPIImplementation.m in Sources */,
			);
			runOnlyForDeploymentPostprocessing = 0;
		};
		EFA243F01B8A9B580017C137 /* Sources */ = {
			isa = PBXSourcesBuildPhase;
			buildActionMask = 2147483647;
			files = (
				EF6DBED81B8D4A9900E8F055 /* AMAPIClientTests.m in Sources */,
				EF6DBEDB1B8D4C3800E8F055 /* AMAPICommandsFacadeTests.m in Sources */,
				EF6DBED51B8D38FE00E8F055 /* AMAPIProducersTest.m in Sources */,
				EFA2440D1B8AAF700017C137 /* AMAPICommandTests.m in Sources */,
				EF6DBED21B8D365E00E8F055 /* AMResponseTests.m in Sources */,
			);
			runOnlyForDeploymentPostprocessing = 0;
		};
/* End PBXSourcesBuildPhase section */

/* Begin PBXTargetDependency section */
		EFA243F61B8A9B580017C137 /* PBXTargetDependency */ = {
			isa = PBXTargetDependency;
			target = EFA243DA1B8A9B570017C137 /* AMFramework */;
			targetProxy = EFA243F51B8A9B580017C137 /* PBXContainerItemProxy */;
		};
/* End PBXTargetDependency section */

/* Begin PBXVariantGroup section */
		EF249E121B8D949F0012C6F2 /* AMErrors.strings */ = {
			isa = PBXVariantGroup;
			children = (
				EF249E131B8D95580012C6F2 /* ru */,
				EF249E141B8D95640012C6F2 /* en */,
			);
			name = AMErrors.strings;
			path = APFramework;
			sourceTree = "<group>";
		};
		EFA243E81B8A9B570017C137 /* Main.storyboard */ = {
			isa = PBXVariantGroup;
			children = (
				EFA243E91B8A9B570017C137 /* Base */,
			);
			name = Main.storyboard;
			sourceTree = "<group>";
		};
		EFA243ED1B8A9B570017C137 /* LaunchScreen.xib */ = {
			isa = PBXVariantGroup;
			children = (
				EFA243EE1B8A9B570017C137 /* Base */,
			);
			name = LaunchScreen.xib;
			sourceTree = "<group>";
		};
/* End PBXVariantGroup section */

/* Begin XCBuildConfiguration section */
		EFA243FC1B8A9B580017C137 /* Debug */ = {
			isa = XCBuildConfiguration;
			buildSettings = {
				ALWAYS_SEARCH_USER_PATHS = NO;
				CLANG_CXX_LANGUAGE_STANDARD = "gnu++0x";
				CLANG_CXX_LIBRARY = "libc++";
				CLANG_ENABLE_MODULES = YES;
				CLANG_ENABLE_OBJC_ARC = YES;
				CLANG_WARN_BOOL_CONVERSION = YES;
				CLANG_WARN_CONSTANT_CONVERSION = YES;
				CLANG_WARN_DIRECT_OBJC_ISA_USAGE = YES_ERROR;
				CLANG_WARN_EMPTY_BODY = YES;
				CLANG_WARN_ENUM_CONVERSION = YES;
				CLANG_WARN_INT_CONVERSION = YES;
				CLANG_WARN_OBJC_ROOT_CLASS = YES_ERROR;
				CLANG_WARN_UNREACHABLE_CODE = YES;
				CLANG_WARN__DUPLICATE_METHOD_MATCH = YES;
				"CODE_SIGN_IDENTITY[sdk=iphoneos*]" = "iPhone Developer";
				COPY_PHASE_STRIP = NO;
				DEBUG_INFORMATION_FORMAT = "dwarf-with-dsym";
				ENABLE_STRICT_OBJC_MSGSEND = YES;
				GCC_C_LANGUAGE_STANDARD = gnu99;
				GCC_DYNAMIC_NO_PIC = NO;
				GCC_NO_COMMON_BLOCKS = YES;
				GCC_OPTIMIZATION_LEVEL = 0;
				GCC_PREPROCESSOR_DEFINITIONS = (
					"DEBUG=1",
					"$(inherited)",
				);
				GCC_SYMBOLS_PRIVATE_EXTERN = NO;
				GCC_WARN_64_TO_32_BIT_CONVERSION = YES;
				GCC_WARN_ABOUT_RETURN_TYPE = YES_ERROR;
				GCC_WARN_UNDECLARED_SELECTOR = YES;
				GCC_WARN_UNINITIALIZED_AUTOS = YES_AGGRESSIVE;
				GCC_WARN_UNUSED_FUNCTION = YES;
				GCC_WARN_UNUSED_VARIABLE = YES;
				IPHONEOS_DEPLOYMENT_TARGET = 8.4;
				MTL_ENABLE_DEBUG_INFO = YES;
				ONLY_ACTIVE_ARCH = YES;
				SDKROOT = iphoneos;
			};
			name = Debug;
		};
		EFA243FD1B8A9B580017C137 /* Release */ = {
			isa = XCBuildConfiguration;
			buildSettings = {
				ALWAYS_SEARCH_USER_PATHS = NO;
				CLANG_CXX_LANGUAGE_STANDARD = "gnu++0x";
				CLANG_CXX_LIBRARY = "libc++";
				CLANG_ENABLE_MODULES = YES;
				CLANG_ENABLE_OBJC_ARC = YES;
				CLANG_WARN_BOOL_CONVERSION = YES;
				CLANG_WARN_CONSTANT_CONVERSION = YES;
				CLANG_WARN_DIRECT_OBJC_ISA_USAGE = YES_ERROR;
				CLANG_WARN_EMPTY_BODY = YES;
				CLANG_WARN_ENUM_CONVERSION = YES;
				CLANG_WARN_INT_CONVERSION = YES;
				CLANG_WARN_OBJC_ROOT_CLASS = YES_ERROR;
				CLANG_WARN_UNREACHABLE_CODE = YES;
				CLANG_WARN__DUPLICATE_METHOD_MATCH = YES;
				"CODE_SIGN_IDENTITY[sdk=iphoneos*]" = "iPhone Developer";
				COPY_PHASE_STRIP = NO;
				DEBUG_INFORMATION_FORMAT = "dwarf-with-dsym";
				ENABLE_NS_ASSERTIONS = NO;
				ENABLE_STRICT_OBJC_MSGSEND = YES;
				GCC_C_LANGUAGE_STANDARD = gnu99;
				GCC_NO_COMMON_BLOCKS = YES;
				GCC_WARN_64_TO_32_BIT_CONVERSION = YES;
				GCC_WARN_ABOUT_RETURN_TYPE = YES_ERROR;
				GCC_WARN_UNDECLARED_SELECTOR = YES;
				GCC_WARN_UNINITIALIZED_AUTOS = YES_AGGRESSIVE;
				GCC_WARN_UNUSED_FUNCTION = YES;
				GCC_WARN_UNUSED_VARIABLE = YES;
				IPHONEOS_DEPLOYMENT_TARGET = 8.4;
				MTL_ENABLE_DEBUG_INFO = NO;
				SDKROOT = iphoneos;
				VALIDATE_PRODUCT = YES;
			};
			name = Release;
		};
		EFA243FF1B8A9B580017C137 /* Debug */ = {
			isa = XCBuildConfiguration;
			buildSettings = {
				ASSETCATALOG_COMPILER_APPICON_NAME = AppIcon;
				INFOPLIST_FILE = AMFramework/Info.plist;
				IPHONEOS_DEPLOYMENT_TARGET = 7.1;
				LD_RUNPATH_SEARCH_PATHS = "$(inherited) @executable_path/Frameworks";
				PRODUCT_NAME = "$(TARGET_NAME)";
			};
			name = Debug;
		};
		EFA244001B8A9B580017C137 /* Release */ = {
			isa = XCBuildConfiguration;
			buildSettings = {
				ASSETCATALOG_COMPILER_APPICON_NAME = AppIcon;
				INFOPLIST_FILE = AMFramework/Info.plist;
				IPHONEOS_DEPLOYMENT_TARGET = 7.1;
				LD_RUNPATH_SEARCH_PATHS = "$(inherited) @executable_path/Frameworks";
				PRODUCT_NAME = "$(TARGET_NAME)";
			};
			name = Release;
		};
		EFA244021B8A9B580017C137 /* Debug */ = {
			isa = XCBuildConfiguration;
			buildSettings = {
				BUNDLE_LOADER = "$(TEST_HOST)";
				FRAMEWORK_SEARCH_PATHS = (
					"$(SDKROOT)/Developer/Library/Frameworks",
					"$(inherited)",
				);
				GCC_PREPROCESSOR_DEFINITIONS = (
					"DEBUG=1",
					"$(inherited)",
				);
				INFOPLIST_FILE = AMFrameworkTests/Info.plist;
				LD_RUNPATH_SEARCH_PATHS = "$(inherited) @executable_path/Frameworks @loader_path/Frameworks";
				PRODUCT_NAME = "$(TARGET_NAME)";
				TEST_HOST = "$(BUILT_PRODUCTS_DIR)/AMFramework.app/AMFramework";
			};
			name = Debug;
		};
		EFA244031B8A9B580017C137 /* Release */ = {
			isa = XCBuildConfiguration;
			buildSettings = {
				BUNDLE_LOADER = "$(TEST_HOST)";
				FRAMEWORK_SEARCH_PATHS = (
					"$(SDKROOT)/Developer/Library/Frameworks",
					"$(inherited)",
				);
				INFOPLIST_FILE = AMFrameworkTests/Info.plist;
				LD_RUNPATH_SEARCH_PATHS = "$(inherited) @executable_path/Frameworks @loader_path/Frameworks";
				PRODUCT_NAME = "$(TARGET_NAME)";
				TEST_HOST = "$(BUILT_PRODUCTS_DIR)/AMFramework.app/AMFramework";
			};
			name = Release;
		};
/* End XCBuildConfiguration section */

/* Begin XCConfigurationList section */
		EFA243D61B8A9B570017C137 /* Build configuration list for PBXProject "AMFramework" */ = {
			isa = XCConfigurationList;
			buildConfigurations = (
				EFA243FC1B8A9B580017C137 /* Debug */,
				EFA243FD1B8A9B580017C137 /* Release */,
			);
			defaultConfigurationIsVisible = 0;
			defaultConfigurationName = Release;
		};
		EFA243FE1B8A9B580017C137 /* Build configuration list for PBXNativeTarget "AMFramework" */ = {
			isa = XCConfigurationList;
			buildConfigurations = (
				EFA243FF1B8A9B580017C137 /* Debug */,
				EFA244001B8A9B580017C137 /* Release */,
			);
			defaultConfigurationIsVisible = 0;
			defaultConfigurationName = Release;
		};
		EFA244011B8A9B580017C137 /* Build configuration list for PBXNativeTarget "AMFrameworkTests" */ = {
			isa = XCConfigurationList;
			buildConfigurations = (
				EFA244021B8A9B580017C137 /* Debug */,
				EFA244031B8A9B580017C137 /* Release */,
			);
			defaultConfigurationIsVisible = 0;
			defaultConfigurationName = Release;
		};
/* End XCConfigurationList section */
	};
	rootObject = EFA243D31B8A9B570017C137 /* Project object */;
}
